Microsoft Visual Studio Solution File, Format Version 12.00
# Visual Studio Version 17
VisualStudioVersion = 17.5.2.0
MinimumVisualStudioVersion = 10.0.40219.1
Project("{FAE04EC0-301F-11D3-BF4B-00C04F79EFBC}") = "OrnekWebApi", "OrnekWebApi.csproj", "{A2F8A714-C3A2-3326-0A14-3BB12383861B}"
EndProject
Global
	GlobalSection(SolutionConfigurationPlatforms) = preSolution
		Debug|Any CPU = Debug|Any CPU
		Release|Any CPU = Release|Any CPU
	EndGlobalSection
	GlobalSection(ProjectConfigurationPlatforms) = postSolution
		{A2F8A714-C3A2-3326-0A14-3BB12383861B}.Debug|Any CPU.ActiveCfg = Debug|Any CPU
		{A2F8A714-C3A2-3326-0A14-3BB12383861B}.Debug|Any CPU.Build.0 = Debug|Any CPU
		{A2F8A714-C3A2-3326-0A14-3BB12383861B}.Release|Any CPU.ActiveCfg = Release|Any CPU
		{A2F8A714-C3A2-3326-0A14-3BB12383861B}.Release|Any CPU.Build.0 = Release|Any CPU
	EndGlobalSection
	GlobalSection(SolutionProperties) = preSolution
		HideSolutionNode = FALSE
	EndGlobalSection
	GlobalSection(ExtensibilityGlobals) = postSolution
		SolutionGuid = {DEC6F4C1-B6E1-4866-94F4-594D1B29F759}
	EndGlobalSection
EndGlobal
